// !$*UTF8*$!
{
	archiveVersion = 1;
	classes = {
	};
	objectVersion = 55;
	objects = {

/* Begin PBXBuildFile section */
		A934ECE628190E0800D79735 /* ToDoListViewModel.swift in Sources */ = {isa = PBXBuildFile; fileRef = A934ECE528190E0800D79735 /* ToDoListViewModel.swift */; };
		A934ECE828190F4A00D79735 /* AddNewCellViewModel.swift in Sources */ = {isa = PBXBuildFile; fileRef = A934ECE728190F4A00D79735 /* AddNewCellViewModel.swift */; };
		A934ECEA2819104100D79735 /* EditCellViewModel.swift in Sources */ = {isa = PBXBuildFile; fileRef = A934ECE92819104100D79735 /* EditCellViewModel.swift */; };
		A9D750A92819094B008BCBE5 /* AddNewCellViewController.swift in Sources */ = {isa = PBXBuildFile; fileRef = A9D750A82819094B008BCBE5 /* AddNewCellViewController.swift */; };
		A9D750AB2819097C008BCBE5 /* EditCellViewController.swift in Sources */ = {isa = PBXBuildFile; fileRef = A9D750AA2819097C008BCBE5 /* EditCellViewController.swift */; };
		A9E9766327C5F3EB00685116 /* ToDoListModel.swift in Sources */ = {isa = PBXBuildFile; fileRef = A9E9766227C5F3EB00685116 /* ToDoListModel.swift */; };
		A9E9766527C5F3FB00685116 /* StopWatchModel.swift in Sources */ = {isa = PBXBuildFile; fileRef = A9E9766427C5F3FB00685116 /* StopWatchModel.swift */; };
		A9E9766927C5F79700685116 /* StopWatchViewModel.swift in Sources */ = {isa = PBXBuildFile; fileRef = A9E9766827C5F79700685116 /* StopWatchViewModel.swift */; };
		A9ED8F4327B2345400CCEFB6 /* ToDoListViewController.swift in Sources */ = {isa = PBXBuildFile; fileRef = A9ED8F4227B2345400CCEFB6 /* ToDoListViewController.swift */; };
		A9ED8F4527B2346B00CCEFB6 /* StopWatchViewController.swift in Sources */ = {isa = PBXBuildFile; fileRef = A9ED8F4427B2346B00CCEFB6 /* StopWatchViewController.swift */; };
		A9FE57AE27B1A7D80044463E /* AppDelegate.swift in Sources */ = {isa = PBXBuildFile; fileRef = A9FE57AD27B1A7D80044463E /* AppDelegate.swift */; };
		A9FE57B027B1A7D80044463E /* SceneDelegate.swift in Sources */ = {isa = PBXBuildFile; fileRef = A9FE57AF27B1A7D80044463E /* SceneDelegate.swift */; };
		A9FE57B227B1A7D80044463E /* TabBarViewController.swift in Sources */ = {isa = PBXBuildFile; fileRef = A9FE57B127B1A7D80044463E /* TabBarViewController.swift */; };
		A9FE57B727B1A7D80044463E /* Assets.xcassets in Resources */ = {isa = PBXBuildFile; fileRef = A9FE57B627B1A7D80044463E /* Assets.xcassets */; };
		A9FE57BA27B1A7D80044463E /* LaunchScreen.storyboard in Resources */ = {isa = PBXBuildFile; fileRef = A9FE57B827B1A7D80044463E /* LaunchScreen.storyboard */; };
		DB82D5142370D26573C83921 /* Pods_ToDoListAndStopWatch.framework in Frameworks */ = {isa = PBXBuildFile; fileRef = 59D7AE987330C7B80EA97FEE /* Pods_ToDoListAndStopWatch.framework */; };
/* End PBXBuildFile section */

/* Begin PBXFileReference section */
		4E78BE0908960262A7062E84 /* Pods-ToDoListAndStopWatch.debug.xcconfig */ = {isa = PBXFileReference; includeInIndex = 1; lastKnownFileType = text.xcconfig; name = "Pods-ToDoListAndStopWatch.debug.xcconfig"; path = "Target Support Files/Pods-ToDoListAndStopWatch/Pods-ToDoListAndStopWatch.debug.xcconfig"; sourceTree = "<group>"; };
		59D7AE987330C7B80EA97FEE /* Pods_ToDoListAndStopWatch.framework */ = {isa = PBXFileReference; explicitFileType = wrapper.framework; includeInIndex = 0; path = Pods_ToDoListAndStopWatch.framework; sourceTree = BUILT_PRODUCTS_DIR; };
		A934ECE528190E0800D79735 /* ToDoListViewModel.swift */ = {isa = PBXFileReference; lastKnownFileType = sourcecode.swift; path = ToDoListViewModel.swift; sourceTree = "<group>"; };
		A934ECE728190F4A00D79735 /* AddNewCellViewModel.swift */ = {isa = PBXFileReference; lastKnownFileType = sourcecode.swift; path = AddNewCellViewModel.swift; sourceTree = "<group>"; };
		A934ECE92819104100D79735 /* EditCellViewModel.swift */ = {isa = PBXFileReference; lastKnownFileType = sourcecode.swift; path = EditCellViewModel.swift; sourceTree = "<group>"; };
		A9D750A82819094B008BCBE5 /* AddNewCellViewController.swift */ = {isa = PBXFileReference; lastKnownFileType = sourcecode.swift; path = AddNewCellViewController.swift; sourceTree = "<group>"; };
		A9D750AA2819097C008BCBE5 /* EditCellViewController.swift */ = {isa = PBXFileReference; lastKnownFileType = sourcecode.swift; path = EditCellViewController.swift; sourceTree = "<group>"; };
		A9E9766227C5F3EB00685116 /* ToDoListModel.swift */ = {isa = PBXFileReference; lastKnownFileType = sourcecode.swift; path = ToDoListModel.swift; sourceTree = "<group>"; };
		A9E9766427C5F3FB00685116 /* StopWatchModel.swift */ = {isa = PBXFileReference; lastKnownFileType = sourcecode.swift; path = StopWatchModel.swift; sourceTree = "<group>"; };
		A9E9766827C5F79700685116 /* StopWatchViewModel.swift */ = {isa = PBXFileReference; lastKnownFileType = sourcecode.swift; path = StopWatchViewModel.swift; sourceTree = "<group>"; };
		A9ED8F4227B2345400CCEFB6 /* ToDoListViewController.swift */ = {isa = PBXFileReference; lastKnownFileType = sourcecode.swift; path = ToDoListViewController.swift; sourceTree = "<group>"; };
		A9ED8F4427B2346B00CCEFB6 /* StopWatchViewController.swift */ = {isa = PBXFileReference; lastKnownFileType = sourcecode.swift; path = StopWatchViewController.swift; sourceTree = "<group>"; };
		A9FE57AA27B1A7D80044463E /* ToDoListAndStopWatch.app */ = {isa = PBXFileReference; explicitFileType = wrapper.application; includeInIndex = 0; path = ToDoListAndStopWatch.app; sourceTree = BUILT_PRODUCTS_DIR; };
		A9FE57AD27B1A7D80044463E /* AppDelegate.swift */ = {isa = PBXFileReference; lastKnownFileType = sourcecode.swift; path = AppDelegate.swift; sourceTree = "<group>"; };
		A9FE57AF27B1A7D80044463E /* SceneDelegate.swift */ = {isa = PBXFileReference; lastKnownFileType = sourcecode.swift; path = SceneDelegate.swift; sourceTree = "<group>"; };
		A9FE57B127B1A7D80044463E /* TabBarViewController.swift */ = {isa = PBXFileReference; lastKnownFileType = sourcecode.swift; path = TabBarViewController.swift; sourceTree = "<group>"; };
		A9FE57B627B1A7D80044463E /* Assets.xcassets */ = {isa = PBXFileReference; lastKnownFileType = folder.assetcatalog; path = Assets.xcassets; sourceTree = "<group>"; };
		A9FE57B927B1A7D80044463E /* Base */ = {isa = PBXFileReference; lastKnownFileType = file.storyboard; name = Base; path = Base.lproj/LaunchScreen.storyboard; sourceTree = "<group>"; };
		A9FE57BB27B1A7D80044463E /* Info.plist */ = {isa = PBXFileReference; lastKnownFileType = text.plist.xml; path = Info.plist; sourceTree = "<group>"; };
		C055A06484646015B4AC54A3 /* Pods-ToDoListAndStopWatch.release.xcconfig */ = {isa = PBXFileReference; includeInIndex = 1; lastKnownFileType = text.xcconfig; name = "Pods-ToDoListAndStopWatch.release.xcconfig"; path = "Target Support Files/Pods-ToDoListAndStopWatch/Pods-ToDoListAndStopWatch.release.xcconfig"; sourceTree = "<group>"; };
/* End PBXFileReference section */

/* Begin PBXFrameworksBuildPhase section */
		A9FE57A727B1A7D80044463E /* Frameworks */ = {
			isa = PBXFrameworksBuildPhase;
			buildActionMask = 2147483647;
			files = (
				DB82D5142370D26573C83921 /* Pods_ToDoListAndStopWatch.framework in Frameworks */,
			);
			runOnlyForDeploymentPostprocessing = 0;
		};
/* End PBXFrameworksBuildPhase section */

/* Begin PBXGroup section */
		A9317EAA27C0BA9700F00DE1 /* Model */ = {
			isa = PBXGroup;
			children = (
				A9E9766227C5F3EB00685116 /* ToDoListModel.swift */,
				A9E9766427C5F3FB00685116 /* StopWatchModel.swift */,
			);
			path = Model;
			sourceTree = "<group>";
		};
		A9317EAB27C0BA9E00F00DE1 /* View */ = {
			isa = PBXGroup;
			children = (
				A9900C5F27C578C2004D17F6 /* TabBar */,
				A9ED8F4227B2345400CCEFB6 /* ToDoListViewController.swift */,
				A9D750A82819094B008BCBE5 /* AddNewCellViewController.swift */,
				A9D750AA2819097C008BCBE5 /* EditCellViewController.swift */,
				A9ED8F4427B2346B00CCEFB6 /* StopWatchViewController.swift */,
			);
			path = View;
			sourceTree = "<group>";
		};
		A9317EAC27C0BAA700F00DE1 /* ViewModel */ = {
			isa = PBXGroup;
			children = (
				A934ECE528190E0800D79735 /* ToDoListViewModel.swift */,
				A934ECE728190F4A00D79735 /* AddNewCellViewModel.swift */,
				A934ECE92819104100D79735 /* EditCellViewModel.swift */,
				A9E9766827C5F79700685116 /* StopWatchViewModel.swift */,
			);
			path = ViewModel;
			sourceTree = "<group>";
		};
		A9317EAD27C0BB0500F00DE1 /* SupportingFiles */ = {
			isa = PBXGroup;
			children = (
				A9FE57AD27B1A7D80044463E /* AppDelegate.swift */,
				A9FE57AF27B1A7D80044463E /* SceneDelegate.swift */,
				A9FE57B627B1A7D80044463E /* Assets.xcassets */,
				A9FE57B827B1A7D80044463E /* LaunchScreen.storyboard */,
				A9FE57BB27B1A7D80044463E /* Info.plist */,
			);
			path = SupportingFiles;
			sourceTree = "<group>";
		};
		A9900C5F27C578C2004D17F6 /* TabBar */ = {
			isa = PBXGroup;
			children = (
				A9FE57B127B1A7D80044463E /* TabBarViewController.swift */,
			);
			path = TabBar;
			sourceTree = "<group>";
		};
		A9FE57A127B1A7D80044463E = {
			isa = PBXGroup;
			children = (
				A9FE57AC27B1A7D80044463E /* ToDoListAndStopWatch */,
				A9FE57AB27B1A7D80044463E /* Products */,
				D5014BECEC1EE6A0A2201EA5 /* Pods */,
				B51F11524E15EB0CFF5BBA50 /* Frameworks */,
			);
			sourceTree = "<group>";
		};
		A9FE57AB27B1A7D80044463E /* Products */ = {
			isa = PBXGroup;
			children = (
				A9FE57AA27B1A7D80044463E /* ToDoListAndStopWatch.app */,
			);
			name = Products;
			sourceTree = "<group>";
		};
		A9FE57AC27B1A7D80044463E /* ToDoListAndStopWatch */ = {
			isa = PBXGroup;
			children = (
				A9317EAD27C0BB0500F00DE1 /* SupportingFiles */,
				A9317EAA27C0BA9700F00DE1 /* Model */,
				A9317EAB27C0BA9E00F00DE1 /* View */,
				A9317EAC27C0BAA700F00DE1 /* ViewModel */,
			);
			path = ToDoListAndStopWatch;
			sourceTree = "<group>";
		};
		B51F11524E15EB0CFF5BBA50 /* Frameworks */ = {
			isa = PBXGroup;
			children = (
				59D7AE987330C7B80EA97FEE /* Pods_ToDoListAndStopWatch.framework */,
			);
			name = Frameworks;
			sourceTree = "<group>";
		};
		D5014BECEC1EE6A0A2201EA5 /* Pods */ = {
			isa = PBXGroup;
			children = (
				4E78BE0908960262A7062E84 /* Pods-ToDoListAndStopWatch.debug.xcconfig */,
				C055A06484646015B4AC54A3 /* Pods-ToDoListAndStopWatch.release.xcconfig */,
			);
			path = Pods;
			sourceTree = "<group>";
		};
/* End PBXGroup section */

/* Begin PBXNativeTarget section */
		A9FE57A927B1A7D80044463E /* ToDoListAndStopWatch */ = {
			isa = PBXNativeTarget;
			buildConfigurationList = A9FE57BE27B1A7D80044463E /* Build configuration list for PBXNativeTarget "ToDoListAndStopWatch" */;
			buildPhases = (
				BC2DCD9693955B0A6DD7CF61 /* [CP] Check Pods Manifest.lock */,
				A9FE57A627B1A7D80044463E /* Sources */,
				A9FE57A727B1A7D80044463E /* Frameworks */,
				A9FE57A827B1A7D80044463E /* Resources */,
				91234FCB41DF9860DAC5D7B5 /* [CP] Embed Pods Frameworks */,
			);
			buildRules = (
			);
			dependencies = (
			);
			name = ToDoListAndStopWatch;
			productName = ToDoListAndStopWatch;
			productReference = A9FE57AA27B1A7D80044463E /* ToDoListAndStopWatch.app */;
			productType = "com.apple.product-type.application";
		};
/* End PBXNativeTarget section */

/* Begin PBXProject section */
		A9FE57A227B1A7D80044463E /* Project object */ = {
			isa = PBXProject;
			attributes = {
				BuildIndependentTargetsInParallel = 1;
				LastSwiftUpdateCheck = 1320;
				LastUpgradeCheck = 1320;
				TargetAttributes = {
					A9FE57A927B1A7D80044463E = {
						CreatedOnToolsVersion = 13.2.1;
					};
				};
			};
			buildConfigurationList = A9FE57A527B1A7D80044463E /* Build configuration list for PBXProject "ToDoListAndStopWatch" */;
			compatibilityVersion = "Xcode 13.0";
			developmentRegion = en;
			hasScannedForEncodings = 0;
			knownRegions = (
				en,
				Base,
			);
			mainGroup = A9FE57A127B1A7D80044463E;
			productRefGroup = A9FE57AB27B1A7D80044463E /* Products */;
			projectDirPath = "";
			projectRoot = "";
			targets = (
				A9FE57A927B1A7D80044463E /* ToDoListAndStopWatch */,
			);
		};
/* End PBXProject section */

/* Begin PBXResourcesBuildPhase section */
		A9FE57A827B1A7D80044463E /* Resources */ = {
			isa = PBXResourcesBuildPhase;
			buildActionMask = 2147483647;
			files = (
				A9FE57BA27B1A7D80044463E /* LaunchScreen.storyboard in Resources */,
				A9FE57B727B1A7D80044463E /* Assets.xcassets in Resources */,
			);
			runOnlyForDeploymentPostprocessing = 0;
		};
/* End PBXResourcesBuildPhase section */

/* Begin PBXShellScriptBuildPhase section */
		91234FCB41DF9860DAC5D7B5 /* [CP] Embed Pods Frameworks */ = {
			isa = PBXShellScriptBuildPhase;
			buildActionMask = 2147483647;
			files = (
			);
			inputFileListPaths = (
				"${PODS_ROOT}/Target Support Files/Pods-ToDoListAndStopWatch/Pods-ToDoListAndStopWatch-frameworks-${CONFIGURATION}-input-files.xcfilelist",
			);
			name = "[CP] Embed Pods Frameworks";
			outputFileListPaths = (
				"${PODS_ROOT}/Target Support Files/Pods-ToDoListAndStopWatch/Pods-ToDoListAndStopWatch-frameworks-${CONFIGURATION}-output-files.xcfilelist",
			);
			runOnlyForDeploymentPostprocessing = 0;
			shellPath = /bin/sh;
			shellScript = "\"${PODS_ROOT}/Target Support Files/Pods-ToDoListAndStopWatch/Pods-ToDoListAndStopWatch-frameworks.sh\"\n";
			showEnvVarsInLog = 0;
		};
		BC2DCD9693955B0A6DD7CF61 /* [CP] Check Pods Manifest.lock */ = {
			isa = PBXShellScriptBuildPhase;
			buildActionMask = 2147483647;
			files = (
			);
			inputFileListPaths = (
			);
			inputPaths = (
				"${PODS_PODFILE_DIR_PATH}/Podfile.lock",
				"${PODS_ROOT}/Manifest.lock",
			);
			name = "[CP] Check Pods Manifest.lock";
			outputFileListPaths = (
			);
			outputPaths = (
				"$(DERIVED_FILE_DIR)/Pods-ToDoListAndStopWatch-checkManifestLockResult.txt",
			);
			runOnlyForDeploymentPostprocessing = 0;
			shellPath = /bin/sh;
			shellScript = "diff \"${PODS_PODFILE_DIR_PATH}/Podfile.lock\" \"${PODS_ROOT}/Manifest.lock\" > /dev/null\nif [ $? != 0 ] ; then\n    # print error to STDERR\n    echo \"error: The sandbox is not in sync with the Podfile.lock. Run 'pod install' or update your CocoaPods installation.\" >&2\n    exit 1\nfi\n# This output is used by Xcode 'outputs' to avoid re-running this script phase.\necho \"SUCCESS\" > \"${SCRIPT_OUTPUT_FILE_0}\"\n";
			showEnvVarsInLog = 0;
		};
/* End PBXShellScriptBuildPhase section */

/* Begin PBXSourcesBuildPhase section */
		A9FE57A627B1A7D80044463E /* Sources */ = {
			isa = PBXSourcesBuildPhase;
			buildActionMask = 2147483647;
			files = (
				A9E9766927C5F79700685116 /* StopWatchViewModel.swift in Sources */,
				A9ED8F4327B2345400CCEFB6 /* ToDoListViewController.swift in Sources */,
				A9D750AB2819097C008BCBE5 /* EditCellViewController.swift in Sources */,
				A934ECE828190F4A00D79735 /* AddNewCellViewModel.swift in Sources */,
				A9E9766527C5F3FB00685116 /* StopWatchModel.swift in Sources */,
				A9E9766327C5F3EB00685116 /* ToDoListModel.swift in Sources */,
				A934ECE628190E0800D79735 /* ToDoListViewModel.swift in Sources */,
				A9FE57B227B1A7D80044463E /* TabBarViewController.swift in Sources */,
				A9FE57AE27B1A7D80044463E /* AppDelegate.swift in Sources */,
				A9FE57B027B1A7D80044463E /* SceneDelegate.swift in Sources */,
				A9ED8F4527B2346B00CCEFB6 /* StopWatchViewController.swift in Sources */,
				A9D750A92819094B008BCBE5 /* AddNewCellViewController.swift in Sources */,
				A934ECEA2819104100D79735 /* EditCellViewModel.swift in Sources */,
			);
			runOnlyForDeploymentPostprocessing = 0;
		};
/* End PBXSourcesBuildPhase section */

/* Begin PBXVariantGroup section */
		A9FE57B827B1A7D80044463E /* LaunchScreen.storyboard */ = {
			isa = PBXVariantGroup;
			children = (
				A9FE57B927B1A7D80044463E /* Base */,
			);
			name = LaunchScreen.storyboard;
			sourceTree = "<group>";
		};
/* End PBXVariantGroup section */

/* Begin XCBuildConfiguration section */
		A9FE57BC27B1A7D80044463E /* Debug */ = {
			isa = XCBuildConfiguration;
			buildSettings = {
				ALWAYS_SEARCH_USER_PATHS = NO;
				CLANG_ANALYZER_NONNULL = YES;
				CLANG_ANALYZER_NUMBER_OBJECT_CONVERSION = YES_AGGRESSIVE;
				CLANG_CXX_LANGUAGE_STANDARD = "gnu++17";
				CLANG_CXX_LIBRARY = "libc++";
				CLANG_ENABLE_MODULES = YES;
				CLANG_ENABLE_OBJC_ARC = YES;
				CLANG_ENABLE_OBJC_WEAK = YES;
				CLANG_WARN_BLOCK_CAPTURE_AUTORELEASING = YES;
				CLANG_WARN_BOOL_CONVERSION = YES;
				CLANG_WARN_COMMA = YES;
				CLANG_WARN_CONSTANT_CONVERSION = YES;
				CLANG_WARN_DEPRECATED_OBJC_IMPLEMENTATIONS = YES;
				CLANG_WARN_DIRECT_OBJC_ISA_USAGE = YES_ERROR;
				CLANG_WARN_DOCUMENTATION_COMMENTS = YES;
				CLANG_WARN_EMPTY_BODY = YES;
				CLANG_WARN_ENUM_CONVERSION = YES;
				CLANG_WARN_INFINITE_RECURSION = YES;
				CLANG_WARN_INT_CONVERSION = YES;
				CLANG_WARN_NON_LITERAL_NULL_CONVERSION = YES;
				CLANG_WARN_OBJC_IMPLICIT_RETAIN_SELF = YES;
				CLANG_WARN_OBJC_LITERAL_CONVERSION = YES;
				CLANG_WARN_OBJC_ROOT_CLASS = YES_ERROR;
				CLANG_WARN_QUOTED_INCLUDE_IN_FRAMEWORK_HEADER = YES;
				CLANG_WARN_RANGE_LOOP_ANALYSIS = YES;
				CLANG_WARN_STRICT_PROTOTYPES = YES;
				CLANG_WARN_SUSPICIOUS_MOVE = YES;
				CLANG_WARN_UNGUARDED_AVAILABILITY = YES_AGGRESSIVE;
				CLANG_WARN_UNREACHABLE_CODE = YES;
				CLANG_WARN__DUPLICATE_METHOD_MATCH = YES;
				COPY_PHASE_STRIP = NO;
				DEBUG_INFORMATION_FORMAT = dwarf;
				ENABLE_STRICT_OBJC_MSGSEND = YES;
				ENABLE_TESTABILITY = YES;
				GCC_C_LANGUAGE_STANDARD = gnu11;
				GCC_DYNAMIC_NO_PIC = NO;
				GCC_NO_COMMON_BLOCKS = YES;
				GCC_OPTIMIZATION_LEVEL = 0;
				GCC_PREPROCESSOR_DEFINITIONS = (
					"DEBUG=1",
					"$(inherited)",
				);
				GCC_WARN_64_TO_32_BIT_CONVERSION = YES;
				GCC_WARN_ABOUT_RETURN_TYPE = YES_ERROR;
				GCC_WARN_UNDECLARED_SELECTOR = YES;
				GCC_WARN_UNINITIALIZED_AUTOS = YES_AGGRESSIVE;
				GCC_WARN_UNUSED_FUNCTION = YES;
				GCC_WARN_UNUSED_VARIABLE = YES;
				IPHONEOS_DEPLOYMENT_TARGET = 15.2;
				MTL_ENABLE_DEBUG_INFO = INCLUDE_SOURCE;
				MTL_FAST_MATH = YES;
				ONLY_ACTIVE_ARCH = YES;
				SDKROOT = iphoneos;
				SWIFT_ACTIVE_COMPILATION_CONDITIONS = DEBUG;
				SWIFT_OPTIMIZATION_LEVEL = "-Onone";
			};
			name = Debug;
		};
		A9FE57BD27B1A7D80044463E /* Release */ = {
			isa = XCBuildConfiguration;
			buildSettings = {
				ALWAYS_SEARCH_USER_PATHS = NO;
				CLANG_ANALYZER_NONNULL = YES;
				CLANG_ANALYZER_NUMBER_OBJECT_CONVERSION = YES_AGGRESSIVE;
				CLANG_CXX_LANGUAGE_STANDARD = "gnu++17";
				CLANG_CXX_LIBRARY = "libc++";
				CLANG_ENABLE_MODULES = YES;
				CLANG_ENABLE_OBJC_ARC = YES;
				CLANG_ENABLE_OBJC_WEAK = YES;
				CLANG_WARN_BLOCK_CAPTURE_AUTORELEASING = YES;
				CLANG_WARN_BOOL_CONVERSION = YES;
				CLANG_WARN_COMMA = YES;
				CLANG_WARN_CONSTANT_CONVERSION = YES;
				CLANG_WARN_DEPRECATED_OBJC_IMPLEMENTATIONS = YES;
				CLANG_WARN_DIRECT_OBJC_ISA_USAGE = YES_ERROR;
				CLANG_WARN_DOCUMENTATION_COMMENTS = YES;
				CLANG_WARN_EMPTY_BODY = YES;
				CLANG_WARN_ENUM_CONVERSION = YES;
				CLANG_WARN_INFINITE_RECURSION = YES;
				CLANG_WARN_INT_CONVERSION = YES;
				CLANG_WARN_NON_LITERAL_NULL_CONVERSION = YES;
				CLANG_WARN_OBJC_IMPLICIT_RETAIN_SELF = YES;
				CLANG_WARN_OBJC_LITERAL_CONVERSION = YES;
				CLANG_WARN_OBJC_ROOT_CLASS = YES_ERROR;
				CLANG_WARN_QUOTED_INCLUDE_IN_FRAMEWORK_HEADER = YES;
				CLANG_WARN_RANGE_LOOP_ANALYSIS = YES;
				CLANG_WARN_STRICT_PROTOTYPES = YES;
				CLANG_WARN_SUSPICIOUS_MOVE = YES;
				CLANG_WARN_UNGUARDED_AVAILABILITY = YES_AGGRESSIVE;
				CLANG_WARN_UNREACHABLE_CODE = YES;
				CLANG_WARN__DUPLICATE_METHOD_MATCH = YES;
				COPY_PHASE_STRIP = NO;
				DEBUG_INFORMATION_FORMAT = "dwarf-with-dsym";
				ENABLE_NS_ASSERTIONS = NO;
				ENABLE_STRICT_OBJC_MSGSEND = YES;
				GCC_C_LANGUAGE_STANDARD = gnu11;
				GCC_NO_COMMON_BLOCKS = YES;
				GCC_WARN_64_TO_32_BIT_CONVERSION = YES;
				GCC_WARN_ABOUT_RETURN_TYPE = YES_ERROR;
				GCC_WARN_UNDECLARED_SELECTOR = YES;
				GCC_WARN_UNINITIALIZED_AUTOS = YES_AGGRESSIVE;
				GCC_WARN_UNUSED_FUNCTION = YES;
				GCC_WARN_UNUSED_VARIABLE = YES;
				IPHONEOS_DEPLOYMENT_TARGET = 15.2;
				MTL_ENABLE_DEBUG_INFO = NO;
				MTL_FAST_MATH = YES;
				SDKROOT = iphoneos;
				SWIFT_COMPILATION_MODE = wholemodule;
				SWIFT_OPTIMIZATION_LEVEL = "-O";
				VALIDATE_PRODUCT = YES;
			};
			name = Release;
		};
		A9FE57BF27B1A7D80044463E /* Debug */ = {
			isa = XCBuildConfiguration;
			baseConfigurationReference = 4E78BE0908960262A7062E84 /* Pods-ToDoListAndStopWatch.debug.xcconfig */;
			buildSettings = {
				ASSETCATALOG_COMPILER_APPICON_NAME = AppIcon;
				ASSETCATALOG_COMPILER_GLOBAL_ACCENT_COLOR_NAME = AccentColor;
				CODE_SIGN_STYLE = Automatic;
				CURRENT_PROJECT_VERSION = 1;
				DEVELOPMENT_TEAM = V3G3959732;
				GENERATE_INFOPLIST_FILE = YES;
				INFOPLIST_FILE = ToDoListAndStopWatch/SupportingFiles/Info.plist;
				INFOPLIST_KEY_UIApplicationSupportsIndirectInputEvents = YES;
				INFOPLIST_KEY_UILaunchStoryboardName = LaunchScreen;
				INFOPLIST_KEY_UISupportedInterfaceOrientations_iPad = "UIInterfaceOrientationPortrait UIInterfaceOrientationPortraitUpsideDown UIInterfaceOrientationLandscapeLeft UIInterfaceOrientationLandscapeRight";
				INFOPLIST_KEY_UISupportedInterfaceOrientations_iPhone = "UIInterfaceOrientationPortrait UIInterfaceOrientationLandscapeLeft UIInterfaceOrientationLandscapeRight";
				LD_RUNPATH_SEARCH_PATHS = (
					"$(inherited)",
					"@executable_path/Frameworks",
				);
				MARKETING_VERSION = 1.0;
				PRODUCT_BUNDLE_IDENTIFIER = com.eldiiar.Kudaiberdiev.ToDoListAndStopWatch;
				PRODUCT_NAME = "$(TARGET_NAME)";
				SWIFT_EMIT_LOC_STRINGS = YES;
				SWIFT_VERSION = 5.0;
				TARGETED_DEVICE_FAMILY = "1,2";
			};
			name = Debug;
		};
		A9FE57C027B1A7D80044463E /* Release */ = {
			isa = XCBuildConfiguration;
			baseConfigurationReference = C055A06484646015B4AC54A3 /* Pods-ToDoListAndStopWatch.release.xcconfig */;
			buildSettings = {
				ASSETCATALOG_COMPILER_APPICON_NAME = AppIcon;
				ASSETCATALOG_COMPILER_GLOBAL_ACCENT_COLOR_NAME = AccentColor;
				CODE_SIGN_STYLE = Automatic;
				CURRENT_PROJECT_VERSION = 1;
				DEVELOPMENT_TEAM = V3G3959732;
				GENERATE_INFOPLIST_FILE = YES;
				INFOPLIST_FILE = ToDoListAndStopWatch/SupportingFiles/Info.plist;
				INFOPLIST_KEY_UIApplicationSupportsIndirectInputEvents = YES;
				INFOPLIST_KEY_UILaunchStoryboardName = LaunchScreen;
				INFOPLIST_KEY_UISupportedInterfaceOrientations_iPad = "UIInterfaceOrientationPortrait UIInterfaceOrientationPortraitUpsideDown UIInterfaceOrientationLandscapeLeft UIInterfaceOrientationLandscapeRight";
				INFOPLIST_KEY_UISupportedInterfaceOrientations_iPhone = "UIInterfaceOrientationPortrait UIInterfaceOrientationLandscapeLeft UIInterfaceOrientationLandscapeRight";
				LD_RUNPATH_SEARCH_PATHS = (
					"$(inherited)",
					"@executable_path/Frameworks",
				);
				MARKETING_VERSION = 1.0;
				PRODUCT_BUNDLE_IDENTIFIER = com.eldiiar.Kudaiberdiev.ToDoListAndStopWatch;
				PRODUCT_NAME = "$(TARGET_NAME)";
				SWIFT_EMIT_LOC_STRINGS = YES;
				SWIFT_VERSION = 5.0;
				TARGETED_DEVICE_FAMILY = "1,2";
			};
			name = Release;
		};
/* End XCBuildConfiguration section */

/* Begin XCConfigurationList section */
		A9FE57A527B1A7D80044463E /* Build configuration list for PBXProject "ToDoListAndStopWatch" */ = {
			isa = XCConfigurationList;
			buildConfigurations = (
				A9FE57BC27B1A7D80044463E /* Debug */,
				A9FE57BD27B1A7D80044463E /* Release */,
			);
			defaultConfigurationIsVisible = 0;
			defaultConfigurationName = Release;
		};
		A9FE57BE27B1A7D80044463E /* Build configuration list for PBXNativeTarget "ToDoListAndStopWatch" */ = {
			isa = XCConfigurationList;
			buildConfigurations = (
				A9FE57BF27B1A7D80044463E /* Debug */,
				A9FE57C027B1A7D80044463E /* Release */,
			);
			defaultConfigurationIsVisible = 0;
			defaultConfigurationName = Release;
		};
/* End XCConfigurationList section */
	};
	rootObject = A9FE57A227B1A7D80044463E /* Project object */;
}
